
Microsoft Visual Studio Solution File, Format Version 11.00
# Visual Studio 2010
Project("{FAE04EC0-301F-11D3-BF4B-00C04F79EFBC}") = "Assignment01", "Assignment01\Assignment01.csproj", "{7F07F47E-5CE1-492F-89F4-7BD8E13094A3}"
EndProject
Project("{FAE04EC0-301F-11D3-BF4B-00C04F79EFBC}") = "Assignment02", "Assignment02\Assignment02.csproj", "{6A5D53CE-A630-4AF2-8BEE-369936CD36EC}"
EndProject
Project("{FAE04EC0-301F-11D3-BF4B-00C04F79EFBC}") = "Assignment03", "Assignment03\Assignment03.csproj", "{290286BB-6B64-49BC-8B8E-4331ADE4E4F9}"
EndProject
Project("{FAE04EC0-301F-11D3-BF4B-00C04F79EFBC}") = "Assignment04", "Assignment04\Assignment04.csproj", "{A2D8E7FA-883D-4736-9894-16FAA0EBD6B5}"
EndProject
Project("{FAE04EC0-301F-11D3-BF4B-00C04F79EFBC}") = "Assignment05", "Assignment05\Assignment05.csproj", "{1651C0BF-E1B4-476B-A764-4E4EA0C23F86}"
EndProject
Project("{FAE04EC0-301F-11D3-BF4B-00C04F79EFBC}") = "Assignment06", "Assignment06\Assignment06.csproj", "{4EEEF9B9-7683-45E3-A43E-77A1FFFBF8C7}"
EndProject
Project("{FAE04EC0-301F-11D3-BF4B-00C04F79EFBC}") = "Assignment07", "Assignment07\Assignment07.csproj", "{1B80F2DF-EA97-472D-95E8-70087A460F50}"
EndProject
Project("{FAE04EC0-301F-11D3-BF4B-00C04F79EFBC}") = "Assignment08", "Assignment08\Assignment08.csproj", "{EF2DB1AD-81DA-434A-966D-E0C7E261016D}"
EndProject
Project("{FAE04EC0-301F-11D3-BF4B-00C04F79EFBC}") = "Assignment09", "Assignment09\Assignment09.csproj", "{C66B218D-264B-4B36-ACC6-E9F544B839C5}"
EndProject
Project("{FAE04EC0-301F-11D3-BF4B-00C04F79EFBC}") = "Assignment10", "Assignment10\Assignment10.csproj", "{619BA3E6-A227-4882-BAE1-F3AD2CA0B606}"
EndProject
Project("{FAE04EC0-301F-11D3-BF4B-00C04F79EFBC}") = "Assignment11", "Assignment11\Assignment11.csproj", "{964E14DC-3783-4304-B07D-9E2B50FFF9E7}"
EndProject
Project("{FAE04EC0-301F-11D3-BF4B-00C04F79EFBC}") = "Assignment12", "Assignment12\Assignment12.csproj", "{03986C41-2CAB-4191-9056-5F73B1521AC0}"
EndProject
Project("{FAE04EC0-301F-11D3-BF4B-00C04F79EFBC}") = "Lesson01", "Lesson01\Lesson01.csproj", "{62784F2C-BC9E-42D2-AFEB-2530D823AD84}"
EndProject
Project("{FAE04EC0-301F-11D3-BF4B-00C04F79EFBC}") = "Lesson02", "Lesson02\Lesson02.csproj", "{E3E09FCC-B50E-458A-99F1-3EB4DB41326E}"
EndProject
Project("{FAE04EC0-301F-11D3-BF4B-00C04F79EFBC}") = "Lesson03", "Lesson03\Lesson03.csproj", "{080470C8-0C88-42B7-B41B-9267EC8D460E}"
EndProject
Project("{FAE04EC0-301F-11D3-BF4B-00C04F79EFBC}") = "Lesson04", "Lesson04\Lesson04.csproj", "{DC788240-A961-4EB5-9C7F-092F3D406D2D}"
EndProject
Project("{FAE04EC0-301F-11D3-BF4B-00C04F79EFBC}") = "Lesson05", "Lesson05\Lesson05.csproj", "{5033B300-5C39-4358-AE91-A0C5EAA27769}"
EndProject
Project("{FAE04EC0-301F-11D3-BF4B-00C04F79EFBC}") = "Lesson06", "Lesson06\Lesson06.csproj", "{81BD011A-9A5D-4A68-9869-F6EC8C2512B9}"
EndProject
Project("{FAE04EC0-301F-11D3-BF4B-00C04F79EFBC}") = "Lesson07", "Lesson07\Lesson07.csproj", "{9549C156-E4FD-47F1-98EC-655AD2AFBD1A}"
EndProject
Project("{FAE04EC0-301F-11D3-BF4B-00C04F79EFBC}") = "Lesson08", "Lesson08\Lesson08.csproj", "{739AD49E-424B-4C76-AA09-923B3C31C188}"
EndProject
Project("{FAE04EC0-301F-11D3-BF4B-00C04F79EFBC}") = "Lesson09", "Lesson09\Lesson09.csproj", "{DDC7B454-AAD3-439A-A093-0E95357E02DC}"
EndProject
Project("{FAE04EC0-301F-11D3-BF4B-00C04F79EFBC}") = "Lesson10", "Lesson10\Lesson10.csproj", "{B9E2364C-6EC1-4CF8-B27A-336E7364C490}"
EndProject
Project("{FAE04EC0-301F-11D3-BF4B-00C04F79EFBC}") = "Lesson11", "Lesson11\Lesson11.csproj", "{FD154D72-BE9B-410C-A6CC-8A6201E4DF62}"
EndProject
Project("{FAE04EC0-301F-11D3-BF4B-00C04F79EFBC}") = "Lesson12", "Lesson12\Lesson12.csproj", "{31A48052-0E58-4CD3-9201-658A7BC1333B}"
EndProject
Global
	GlobalSection(SolutionConfigurationPlatforms) = preSolution
		Debug|Any CPU = Debug|Any CPU
		Release|Any CPU = Release|Any CPU
		Description = All projects for ed2go Intermediate C# online course
	EndGlobalSection
	GlobalSection(ProjectConfigurationPlatforms) = postSolution
		{7F07F47E-5CE1-492F-89F4-7BD8E13094A3}.Debug|Any CPU.ActiveCfg = Debug|Any CPU
		{7F07F47E-5CE1-492F-89F4-7BD8E13094A3}.Debug|Any CPU.Build.0 = Debug|Any CPU
		{7F07F47E-5CE1-492F-89F4-7BD8E13094A3}.Release|Any CPU.ActiveCfg = Release|Any CPU
		{7F07F47E-5CE1-492F-89F4-7BD8E13094A3}.Release|Any CPU.Build.0 = Release|Any CPU
		{6A5D53CE-A630-4AF2-8BEE-369936CD36EC}.Debug|Any CPU.ActiveCfg = Debug|Any CPU
		{6A5D53CE-A630-4AF2-8BEE-369936CD36EC}.Debug|Any CPU.Build.0 = Debug|Any CPU
		{6A5D53CE-A630-4AF2-8BEE-369936CD36EC}.Release|Any CPU.ActiveCfg = Release|Any CPU
		{6A5D53CE-A630-4AF2-8BEE-369936CD36EC}.Release|Any CPU.Build.0 = Release|Any CPU
		{290286BB-6B64-49BC-8B8E-4331ADE4E4F9}.Debug|Any CPU.ActiveCfg = Debug|Any CPU
		{290286BB-6B64-49BC-8B8E-4331ADE4E4F9}.Debug|Any CPU.Build.0 = Debug|Any CPU
		{290286BB-6B64-49BC-8B8E-4331ADE4E4F9}.Release|Any CPU.ActiveCfg = Release|Any CPU
		{290286BB-6B64-49BC-8B8E-4331ADE4E4F9}.Release|Any CPU.Build.0 = Release|Any CPU
		{A2D8E7FA-883D-4736-9894-16FAA0EBD6B5}.Debug|Any CPU.ActiveCfg = Debug|Any CPU
		{A2D8E7FA-883D-4736-9894-16FAA0EBD6B5}.Debug|Any CPU.Build.0 = Debug|Any CPU
		{A2D8E7FA-883D-4736-9894-16FAA0EBD6B5}.Release|Any CPU.ActiveCfg = Release|Any CPU
		{A2D8E7FA-883D-4736-9894-16FAA0EBD6B5}.Release|Any CPU.Build.0 = Release|Any CPU
		{1651C0BF-E1B4-476B-A764-4E4EA0C23F86}.Debug|Any CPU.ActiveCfg = Debug|Any CPU
		{1651C0BF-E1B4-476B-A764-4E4EA0C23F86}.Debug|Any CPU.Build.0 = Debug|Any CPU
		{1651C0BF-E1B4-476B-A764-4E4EA0C23F86}.Release|Any CPU.ActiveCfg = Release|Any CPU
		{1651C0BF-E1B4-476B-A764-4E4EA0C23F86}.Release|Any CPU.Build.0 = Release|Any CPU
		{4EEEF9B9-7683-45E3-A43E-77A1FFFBF8C7}.Debug|Any CPU.ActiveCfg = Debug|Any CPU
		{4EEEF9B9-7683-45E3-A43E-77A1FFFBF8C7}.Debug|Any CPU.Build.0 = Debug|Any CPU
		{4EEEF9B9-7683-45E3-A43E-77A1FFFBF8C7}.Release|Any CPU.ActiveCfg = Release|Any CPU
		{4EEEF9B9-7683-45E3-A43E-77A1FFFBF8C7}.Release|Any CPU.Build.0 = Release|Any CPU
		{1B80F2DF-EA97-472D-95E8-70087A460F50}.Debug|Any CPU.ActiveCfg = Debug|Any CPU
		{1B80F2DF-EA97-472D-95E8-70087A460F50}.Debug|Any CPU.Build.0 = Debug|Any CPU
		{1B80F2DF-EA97-472D-95E8-70087A460F50}.Release|Any CPU.ActiveCfg = Release|Any CPU
		{1B80F2DF-EA97-472D-95E8-70087A460F50}.Release|Any CPU.Build.0 = Release|Any CPU
		{EF2DB1AD-81DA-434A-966D-E0C7E261016D}.Debug|Any CPU.ActiveCfg = Debug|Any CPU
		{EF2DB1AD-81DA-434A-966D-E0C7E261016D}.Debug|Any CPU.Build.0 = Debug|Any CPU
		{EF2DB1AD-81DA-434A-966D-E0C7E261016D}.Release|Any CPU.ActiveCfg = Release|Any CPU
		{EF2DB1AD-81DA-434A-966D-E0C7E261016D}.Release|Any CPU.Build.0 = Release|Any CPU
		{C66B218D-264B-4B36-ACC6-E9F544B839C5}.Debug|Any CPU.ActiveCfg = Debug|Any CPU
		{C66B218D-264B-4B36-ACC6-E9F544B839C5}.Debug|Any CPU.Build.0 = Debug|Any CPU
		{C66B218D-264B-4B36-ACC6-E9F544B839C5}.Release|Any CPU.ActiveCfg = Release|Any CPU
		{C66B218D-264B-4B36-ACC6-E9F544B839C5}.Release|Any CPU.Build.0 = Release|Any CPU
		{619BA3E6-A227-4882-BAE1-F3AD2CA0B606}.Debug|Any CPU.ActiveCfg = Debug|Any CPU
		{619BA3E6-A227-4882-BAE1-F3AD2CA0B606}.Debug|Any CPU.Build.0 = Debug|Any CPU
		{619BA3E6-A227-4882-BAE1-F3AD2CA0B606}.Release|Any CPU.ActiveCfg = Release|Any CPU
		{619BA3E6-A227-4882-BAE1-F3AD2CA0B606}.Release|Any CPU.Build.0 = Release|Any CPU
		{964E14DC-3783-4304-B07D-9E2B50FFF9E7}.Debug|Any CPU.ActiveCfg = Debug|Any CPU
		{964E14DC-3783-4304-B07D-9E2B50FFF9E7}.Debug|Any CPU.Build.0 = Debug|Any CPU
		{964E14DC-3783-4304-B07D-9E2B50FFF9E7}.Release|Any CPU.ActiveCfg = Release|Any CPU
		{964E14DC-3783-4304-B07D-9E2B50FFF9E7}.Release|Any CPU.Build.0 = Release|Any CPU
		{03986C41-2CAB-4191-9056-5F73B1521AC0}.Debug|Any CPU.ActiveCfg = Debug|Any CPU
		{03986C41-2CAB-4191-9056-5F73B1521AC0}.Debug|Any CPU.Build.0 = Debug|Any CPU
		{03986C41-2CAB-4191-9056-5F73B1521AC0}.Release|Any CPU.ActiveCfg = Release|Any CPU
		{03986C41-2CAB-4191-9056-5F73B1521AC0}.Release|Any CPU.Build.0 = Release|Any CPU
		{62784F2C-BC9E-42D2-AFEB-2530D823AD84}.Debug|Any CPU.ActiveCfg = Debug|Any CPU
		{62784F2C-BC9E-42D2-AFEB-2530D823AD84}.Debug|Any CPU.Build.0 = Debug|Any CPU
		{62784F2C-BC9E-42D2-AFEB-2530D823AD84}.Release|Any CPU.ActiveCfg = Release|Any CPU
		{62784F2C-BC9E-42D2-AFEB-2530D823AD84}.Release|Any CPU.Build.0 = Release|Any CPU
		{E3E09FCC-B50E-458A-99F1-3EB4DB41326E}.Debug|Any CPU.ActiveCfg = Debug|Any CPU
		{E3E09FCC-B50E-458A-99F1-3EB4DB41326E}.Debug|Any CPU.Build.0 = Debug|Any CPU
		{E3E09FCC-B50E-458A-99F1-3EB4DB41326E}.Release|Any CPU.ActiveCfg = Release|Any CPU
		{E3E09FCC-B50E-458A-99F1-3EB4DB41326E}.Release|Any CPU.Build.0 = Release|Any CPU
		{080470C8-0C88-42B7-B41B-9267EC8D460E}.Debug|Any CPU.ActiveCfg = Debug|Any CPU
		{080470C8-0C88-42B7-B41B-9267EC8D460E}.Debug|Any CPU.Build.0 = Debug|Any CPU
		{080470C8-0C88-42B7-B41B-9267EC8D460E}.Release|Any CPU.ActiveCfg = Release|Any CPU
		{080470C8-0C88-42B7-B41B-9267EC8D460E}.Release|Any CPU.Build.0 = Release|Any CPU
		{DC788240-A961-4EB5-9C7F-092F3D406D2D}.Debug|Any CPU.ActiveCfg = Debug|Any CPU
		{DC788240-A961-4EB5-9C7F-092F3D406D2D}.Debug|Any CPU.Build.0 = Debug|Any CPU
		{DC788240-A961-4EB5-9C7F-092F3D406D2D}.Release|Any CPU.ActiveCfg = Release|Any CPU
		{DC788240-A961-4EB5-9C7F-092F3D406D2D}.Release|Any CPU.Build.0 = Release|Any CPU
		{5033B300-5C39-4358-AE91-A0C5EAA27769}.Debug|Any CPU.ActiveCfg = Debug|Any CPU
		{5033B300-5C39-4358-AE91-A0C5EAA27769}.Debug|Any CPU.Build.0 = Debug|Any CPU
		{5033B300-5C39-4358-AE91-A0C5EAA27769}.Release|Any CPU.ActiveCfg = Release|Any CPU
		{5033B300-5C39-4358-AE91-A0C5EAA27769}.Release|Any CPU.Build.0 = Release|Any CPU
		{81BD011A-9A5D-4A68-9869-F6EC8C2512B9}.Debug|Any CPU.ActiveCfg = Debug|Any CPU
		{81BD011A-9A5D-4A68-9869-F6EC8C2512B9}.Debug|Any CPU.Build.0 = Debug|Any CPU
		{81BD011A-9A5D-4A68-9869-F6EC8C2512B9}.Release|Any CPU.ActiveCfg = Release|Any CPU
		{81BD011A-9A5D-4A68-9869-F6EC8C2512B9}.Release|Any CPU.Build.0 = Release|Any CPU
		{9549C156-E4FD-47F1-98EC-655AD2AFBD1A}.Debug|Any CPU.ActiveCfg = Debug|Any CPU
		{9549C156-E4FD-47F1-98EC-655AD2AFBD1A}.Debug|Any CPU.Build.0 = Debug|Any CPU
		{9549C156-E4FD-47F1-98EC-655AD2AFBD1A}.Release|Any CPU.ActiveCfg = Release|Any CPU
		{9549C156-E4FD-47F1-98EC-655AD2AFBD1A}.Release|Any CPU.Build.0 = Release|Any CPU
		{739AD49E-424B-4C76-AA09-923B3C31C188}.Debug|Any CPU.ActiveCfg = Debug|Any CPU
		{739AD49E-424B-4C76-AA09-923B3C31C188}.Debug|Any CPU.Build.0 = Debug|Any CPU
		{739AD49E-424B-4C76-AA09-923B3C31C188}.Release|Any CPU.ActiveCfg = Release|Any CPU
		{739AD49E-424B-4C76-AA09-923B3C31C188}.Release|Any CPU.Build.0 = Release|Any CPU
		{DDC7B454-AAD3-439A-A093-0E95357E02DC}.Debug|Any CPU.ActiveCfg = Debug|Any CPU
		{DDC7B454-AAD3-439A-A093-0E95357E02DC}.Debug|Any CPU.Build.0 = Debug|Any CPU
		{DDC7B454-AAD3-439A-A093-0E95357E02DC}.Release|Any CPU.ActiveCfg = Release|Any CPU
		{DDC7B454-AAD3-439A-A093-0E95357E02DC}.Release|Any CPU.Build.0 = Release|Any CPU
		{B9E2364C-6EC1-4CF8-B27A-336E7364C490}.Debug|Any CPU.ActiveCfg = Debug|Any CPU
		{B9E2364C-6EC1-4CF8-B27A-336E7364C490}.Debug|Any CPU.Build.0 = Debug|Any CPU
		{B9E2364C-6EC1-4CF8-B27A-336E7364C490}.Release|Any CPU.ActiveCfg = Release|Any CPU
		{B9E2364C-6EC1-4CF8-B27A-336E7364C490}.Release|Any CPU.Build.0 = Release|Any CPU
		{FD154D72-BE9B-410C-A6CC-8A6201E4DF62}.Debug|Any CPU.ActiveCfg = Debug|Any CPU
		{FD154D72-BE9B-410C-A6CC-8A6201E4DF62}.Debug|Any CPU.Build.0 = Debug|Any CPU
		{FD154D72-BE9B-410C-A6CC-8A6201E4DF62}.Release|Any CPU.ActiveCfg = Release|Any CPU
		{FD154D72-BE9B-410C-A6CC-8A6201E4DF62}.Release|Any CPU.Build.0 = Release|Any CPU
		{31A48052-0E58-4CD3-9201-658A7BC1333B}.Debug|Any CPU.ActiveCfg = Debug|Any CPU
		{31A48052-0E58-4CD3-9201-658A7BC1333B}.Debug|Any CPU.Build.0 = Debug|Any CPU
		{31A48052-0E58-4CD3-9201-658A7BC1333B}.Release|Any CPU.ActiveCfg = Release|Any CPU
		{31A48052-0E58-4CD3-9201-658A7BC1333B}.Release|Any CPU.Build.0 = Release|Any CPU
	EndGlobalSection
	GlobalSection(SolutionProperties) = preSolution
		HideSolutionNode = FALSE
	EndGlobalSection
EndGlobal
